<?xml version="1.0" encoding="UTF-8"?>
<Scheme
   version = "1.3">
   <BuildAction>
      <BuildActionEntries>
         <BuildActionEntry
            buildForRunning = "YES">
            <BuildableReference
               BuildableIdentifier = "primary"
               BlueprintIdentifier = "DFFEE68E286ED19F0059F2BA"
               BuildableName = "ProtocolAndDelegateExercise"
               BlueprintName = "ProtocolAndDelegateExercise"
               ReferencedContainer = "container:ProtocolAndDelegateExercise.xcodeproj">
            </BuildableReference>
         </BuildActionEntry>
      </BuildActionEntries>
   </BuildAction>
   <LaunchAction
      useCustomWorkingDirectory = "NO"
      buildConfiguration = "Debug"
      allowLocationSimulation = "YES">
      <BuildableProductRunnable>
         <BuildableReference
            BuildableIdentifier = "primary"
            BlueprintIdentifier = "DFFEE68E286ED19F0059F2BA"
            BuildableName = "ProtocolAndDelegateExercise"
            BlueprintName = "ProtocolAndDelegateExercise"
            ReferencedContainer = "container:ProtocolAndDelegateExercise.xcodeproj">
         </BuildableReference>
      </BuildableProductRunnable>
   </LaunchAction>
</Scheme>
