<?xml version="1.0" encoding="UTF-8"?>
<Scheme
   version = "1.3">
   <BuildAction>
      <BuildActionEntries>
         <BuildActionEntry
            buildForRunning = "YES">
            <BuildableReference
               BuildableIdentifier = "primary"
               BlueprintIdentifier = "DFFEE67B286DAC130059F2BA"
               BuildableName = "ProtocolsExercises"
               BlueprintName = "ProtocolsExercises"
               ReferencedContainer = "container:ProtocolsExercises.xcodeproj">
            </BuildableReference>
         </BuildActionEntry>
      </BuildActionEntries>
   </BuildAction>
   <LaunchAction
      useCustomWorkingDirectory = "NO"
      buildConfiguration = "Debug"
      allowLocationSimulation = "YES">
      <BuildableProductRunnable>
         <BuildableReference
            BuildableIdentifier = "primary"
            BlueprintIdentifier = "DFFEE67B286DAC130059F2BA"
            BuildableName = "ProtocolsExercises"
            BlueprintName = "ProtocolsExercises"
            ReferencedContainer = "container:ProtocolsExercises.xcodeproj">
         </BuildableReference>
      </BuildableProductRunnable>
   </LaunchAction>
</Scheme>
