<?xml version="1.0" encoding="UTF-8"?>
<Scheme
   version = "1.3">
   <BuildAction>
      <BuildActionEntries>
         <BuildActionEntry
            buildForRunning = "YES">
            <BuildableReference
               BuildableIdentifier = "primary"
               BlueprintIdentifier = "BD8AA89800099E13FF1FBEA0"
               BuildableName = "ExtensionExercise"
               BlueprintName = "ExtensionExercise"
               ReferencedContainer = "container:ExtensionExercise.xcodeproj">
            </BuildableReference>
         </BuildActionEntry>
      </BuildActionEntries>
   </BuildAction>
   <LaunchAction
      useCustomWorkingDirectory = "NO"
      buildConfiguration = "Debug"
      allowLocationSimulation = "YES">
      <BuildableProductRunnable>
         <BuildableReference
            BuildableIdentifier = "primary"
            BlueprintIdentifier = "BD8AA89800099E13FF1FBEA0"
            BuildableName = "ExtensionExercise"
            BlueprintName = "ExtensionExercise"
            ReferencedContainer = "container:ExtensionExercise.xcodeproj">
         </BuildableReference>
      </BuildableProductRunnable>
   </LaunchAction>
</Scheme>
